
Microsoft Visual Studio Solution File, Format Version 12.00
# Visual Studio Version 17
VisualStudioVersion = 17.14.36203.30 d17.14
MinimumVisualStudioVersion = 10.0.40219.1
Project("{8BC9CEB8-8B4A-11D0-8D11-00A0C91BC942}") = "reference_wrapper", "reference_wrapper\reference_wrapper.vcxproj", "{32F1160A-8373-4432-B9D7-5B6271607DE5}"
EndProject
Global
	GlobalSection(SolutionConfigurationPlatforms) = preSolution
		Debug|x64 = Debug|x64
		Debug|x86 = Debug|x86
		Release|x64 = Release|x64
		Release|x86 = Release|x86
	EndGlobalSection
	GlobalSection(ProjectConfigurationPlatforms) = postSolution
		{32F1160A-8373-4432-B9D7-5B6271607DE5}.Debug|x64.ActiveCfg = Debug|x64
		{32F1160A-8373-4432-B9D7-5B6271607DE5}.Debug|x64.Build.0 = Debug|x64
		{32F1160A-8373-4432-B9D7-5B6271607DE5}.Debug|x86.ActiveCfg = Debug|Win32
		{32F1160A-8373-4432-B9D7-5B6271607DE5}.Debug|x86.Build.0 = Debug|Win32
		{32F1160A-8373-4432-B9D7-5B6271607DE5}.Release|x64.ActiveCfg = Release|x64
		{32F1160A-8373-4432-B9D7-5B6271607DE5}.Release|x64.Build.0 = Release|x64
		{32F1160A-8373-4432-B9D7-5B6271607DE5}.Release|x86.ActiveCfg = Release|Win32
		{32F1160A-8373-4432-B9D7-5B6271607DE5}.Release|x86.Build.0 = Release|Win32
	EndGlobalSection
	GlobalSection(SolutionProperties) = preSolution
		HideSolutionNode = FALSE
	EndGlobalSection
	GlobalSection(ExtensibilityGlobals) = postSolution
		SolutionGuid = {3D61F49B-E3B2-4612-A7FA-D0CFD59E8B1B}
	EndGlobalSection
EndGlobal
