
Microsoft Visual Studio Solution File, Format Version 12.00
# Visual Studio Version 17
VisualStudioVersion = 17.13.35828.75 d17.13
MinimumVisualStudioVersion = 10.0.40219.1
Project("{8BC9CEB8-8B4A-11D0-8D11-00A0C91BC942}") = "polymorphism", "polymorphism\polymorphism.vcxproj", "{76123F53-A844-4302-A468-EB6F6A401271}"
EndProject
Global
	GlobalSection(SolutionConfigurationPlatforms) = preSolution
		Debug|x64 = Debug|x64
		Debug|x86 = Debug|x86
		Release|x64 = Release|x64
		Release|x86 = Release|x86
	EndGlobalSection
	GlobalSection(ProjectConfigurationPlatforms) = postSolution
		{76123F53-A844-4302-A468-EB6F6A401271}.Debug|x64.ActiveCfg = Debug|x64
		{76123F53-A844-4302-A468-EB6F6A401271}.Debug|x64.Build.0 = Debug|x64
		{76123F53-A844-4302-A468-EB6F6A401271}.Debug|x86.ActiveCfg = Debug|Win32
		{76123F53-A844-4302-A468-EB6F6A401271}.Debug|x86.Build.0 = Debug|Win32
		{76123F53-A844-4302-A468-EB6F6A401271}.Release|x64.ActiveCfg = Release|x64
		{76123F53-A844-4302-A468-EB6F6A401271}.Release|x64.Build.0 = Release|x64
		{76123F53-A844-4302-A468-EB6F6A401271}.Release|x86.ActiveCfg = Release|Win32
		{76123F53-A844-4302-A468-EB6F6A401271}.Release|x86.Build.0 = Release|Win32
	EndGlobalSection
	GlobalSection(SolutionProperties) = preSolution
		HideSolutionNode = FALSE
	EndGlobalSection
	GlobalSection(ExtensibilityGlobals) = postSolution
		SolutionGuid = {77B8B2BC-A95A-4FD3-9B8E-865E1358D481}
	EndGlobalSection
EndGlobal
